
Microsoft Visual Studio Solution File, Format Version 12.00
# Visual Studio 14
VisualStudioVersion = 14.0.25420.1
MinimumVisualStudioVersion = 10.0.40219.1
Project("{FAE04EC0-301F-11D3-BF4B-00C04F79EFBC}") = "WebExample.Specs", "WebExample.Specs\WebExample.Specs.csproj", "{0D456276-5370-4F8D-A098-39EE9389163D}"
EndProject
Project("{FAE04EC0-301F-11D3-BF4B-00C04F79EFBC}") = "WebExample", "WebExample\WebExample.csproj", "{366A9FD7-24AC-4133-B80F-524D990A7DC2}"
EndProject
Project("{FAE04EC0-301F-11D3-BF4B-00C04F79EFBC}") = "WebExample.DataAccess", "WebExample.DataAccess\WebExample.DataAccess.csproj", "{52BFE556-1CFA-4EB3-951F-74C6951DBF1B}"
EndProject
Project("{00D1A9C2-B5F0-4AF3-8072-F6C62B433612}") = "WebExample.SQL", "WebExample.SQL\WebExample.SQL.sqlproj", "{525B100D-6F86-482D-BB52-6626113A5780}"
EndProject
Project("{FAE04EC0-301F-11D3-BF4B-00C04F79EFBC}") = "WebExample.Common", "WebExample.Common\WebExample.Common.csproj", "{A7626379-B56B-4947-A548-6EFC0269D8DE}"
EndProject
Global
	GlobalSection(SolutionConfigurationPlatforms) = preSolution
		Debug|Any CPU = Debug|Any CPU
		Release|Any CPU = Release|Any CPU
	EndGlobalSection
	GlobalSection(ProjectConfigurationPlatforms) = postSolution
		{0D456276-5370-4F8D-A098-39EE9389163D}.Debug|Any CPU.ActiveCfg = Debug|Any CPU
		{0D456276-5370-4F8D-A098-39EE9389163D}.Debug|Any CPU.Build.0 = Debug|Any CPU
		{0D456276-5370-4F8D-A098-39EE9389163D}.Release|Any CPU.ActiveCfg = Release|Any CPU
		{0D456276-5370-4F8D-A098-39EE9389163D}.Release|Any CPU.Build.0 = Release|Any CPU
		{366A9FD7-24AC-4133-B80F-524D990A7DC2}.Debug|Any CPU.ActiveCfg = Debug|Any CPU
		{366A9FD7-24AC-4133-B80F-524D990A7DC2}.Debug|Any CPU.Build.0 = Debug|Any CPU
		{366A9FD7-24AC-4133-B80F-524D990A7DC2}.Release|Any CPU.ActiveCfg = Release|Any CPU
		{366A9FD7-24AC-4133-B80F-524D990A7DC2}.Release|Any CPU.Build.0 = Release|Any CPU
		{52BFE556-1CFA-4EB3-951F-74C6951DBF1B}.Debug|Any CPU.ActiveCfg = Debug|Any CPU
		{52BFE556-1CFA-4EB3-951F-74C6951DBF1B}.Debug|Any CPU.Build.0 = Debug|Any CPU
		{52BFE556-1CFA-4EB3-951F-74C6951DBF1B}.Release|Any CPU.ActiveCfg = Release|Any CPU
		{52BFE556-1CFA-4EB3-951F-74C6951DBF1B}.Release|Any CPU.Build.0 = Release|Any CPU
		{525B100D-6F86-482D-BB52-6626113A5780}.Debug|Any CPU.ActiveCfg = Debug|Any CPU
		{525B100D-6F86-482D-BB52-6626113A5780}.Debug|Any CPU.Build.0 = Debug|Any CPU
		{525B100D-6F86-482D-BB52-6626113A5780}.Debug|Any CPU.Deploy.0 = Debug|Any CPU
		{525B100D-6F86-482D-BB52-6626113A5780}.Release|Any CPU.ActiveCfg = Release|Any CPU
		{525B100D-6F86-482D-BB52-6626113A5780}.Release|Any CPU.Build.0 = Release|Any CPU
		{525B100D-6F86-482D-BB52-6626113A5780}.Release|Any CPU.Deploy.0 = Release|Any CPU
		{A7626379-B56B-4947-A548-6EFC0269D8DE}.Debug|Any CPU.ActiveCfg = Debug|Any CPU
		{A7626379-B56B-4947-A548-6EFC0269D8DE}.Debug|Any CPU.Build.0 = Debug|Any CPU
		{A7626379-B56B-4947-A548-6EFC0269D8DE}.Release|Any CPU.ActiveCfg = Release|Any CPU
		{A7626379-B56B-4947-A548-6EFC0269D8DE}.Release|Any CPU.Build.0 = Release|Any CPU
	EndGlobalSection
	GlobalSection(SolutionProperties) = preSolution
		HideSolutionNode = FALSE
	EndGlobalSection
EndGlobal
